
Microsoft Visual Studio Solution File, Format Version 12.00
# Visual Studio Version 16
VisualStudioVersion = 16.0.30204.135
MinimumVisualStudioVersion = 10.0.40219.1
Project("{9A19103F-16F7-4668-BE54-9A1E7A4F7556}") = "IT Academy CSharp", "IT Academy CSharp\IT Academy CSharp.csproj", "{DC9F7CBE-A620-442C-AF59-695486054E41}"
EndProject
Project("{FAE04EC0-301F-11D3-BF4B-00C04F79EFBC}") = "Cources.Lesson7", "Cources.Lesson7\Cources.Lesson7.csproj", "{244501F7-BA9D-4FE1-9397-352DC3A8CB5F}"
EndProject
Global
	GlobalSection(SolutionConfigurationPlatforms) = preSolution
		Debug|Any CPU = Debug|Any CPU
		Release|Any CPU = Release|Any CPU
	EndGlobalSection
	GlobalSection(ProjectConfigurationPlatforms) = postSolution
		{DC9F7CBE-A620-442C-AF59-695486054E41}.Debug|Any CPU.ActiveCfg = Debug|Any CPU
		{DC9F7CBE-A620-442C-AF59-695486054E41}.Debug|Any CPU.Build.0 = Debug|Any CPU
		{DC9F7CBE-A620-442C-AF59-695486054E41}.Release|Any CPU.ActiveCfg = Release|Any CPU
		{DC9F7CBE-A620-442C-AF59-695486054E41}.Release|Any CPU.Build.0 = Release|Any CPU
		{244501F7-BA9D-4FE1-9397-352DC3A8CB5F}.Debug|Any CPU.ActiveCfg = Debug|Any CPU
		{244501F7-BA9D-4FE1-9397-352DC3A8CB5F}.Debug|Any CPU.Build.0 = Debug|Any CPU
		{244501F7-BA9D-4FE1-9397-352DC3A8CB5F}.Release|Any CPU.ActiveCfg = Release|Any CPU
		{244501F7-BA9D-4FE1-9397-352DC3A8CB5F}.Release|Any CPU.Build.0 = Release|Any CPU
	EndGlobalSection
	GlobalSection(SolutionProperties) = preSolution
		HideSolutionNode = FALSE
	EndGlobalSection
	GlobalSection(ExtensibilityGlobals) = postSolution
		SolutionGuid = {F090C006-EA93-4AC8-86BC-37EF555B16A2}
	EndGlobalSection
EndGlobal
